<?xml version="1.0" encoding="utf-8"?>
<Project ToolsVersion="4.0" xmlns="http://schemas.microsoft.com/developer/msbuild/2003">
  <ItemGroup>
    <ClCompile Include="Application.cpp" />
    <ClCompile Include="Collider.cpp" />
    <ClCompile Include="Enemy.cpp" />
    <ClCompile Include="Enemy_Boss.cpp" />
    <ClCompile Include="Enemy_Orange.cpp" />
    <ClCompile Include="Enemy_Purple.cpp" />
    <ClCompile Include="Enemy_White.cpp" />
    <ClCompile Include="Globals.cpp" />
    <ClCompile Include="ModuleAudio.cpp" />
    <ClCompile Include="ModuleChooseCharacter.cpp" />
    <ClCompile Include="ModuleCollisions.cpp" />
    <ClCompile Include="ModuleEnemies.cpp" />
    <ClCompile Include="ModuleFadeToBlack.cpp" />
    <ClCompile Include="ModuleIntroScene.cpp" />
    <ClCompile Include="ModuleLevel2.cpp" />
    <ClCompile Include="ModuleOver.cpp" />
    <ClCompile Include="ModuleParticles.cpp" />
    <ClCompile Include="ModuleScene.cpp" />
    <ClCompile Include="ModuleInput.cpp" />
    <ClCompile Include="ModulePlayer.cpp" />
    <ClCompile Include="ModuleRender.cpp" />
    <ClCompile Include="ModuleTextures.cpp" />
    <ClCompile Include="ModuleTitle.cpp" />
    <ClCompile Include="ModuleWindow.cpp" />
    <ClCompile Include="Main.cpp" />
    <ClCompile Include="Module.cpp" />
    <ClCompile Include="Particle.cpp" />
    <ClCompile Include="Path.cpp" />
    <ClCompile Include="ModuleWin.cpp" />
  </ItemGroup>
  <ItemGroup>
    <ClInclude Include="Animation.h" />
    <ClInclude Include="Application.h" />
    <ClInclude Include="Collider.h" />
    <ClInclude Include="Enemy.h" />
    <ClInclude Include="Enemy_Boss.h" />
    <ClInclude Include="Enemy_Orange.h" />
    <ClInclude Include="Enemy_Purple.h" />
    <ClInclude Include="Enemy_White.h" />
    <ClInclude Include="ModuleAudio.h" />
    <ClInclude Include="ModuleChooseCharacter.h" />
    <ClInclude Include="ModuleCollisions.h" />
    <ClInclude Include="ModuleEnemies.h" />
    <ClInclude Include="ModuleFadeToBlack.h" />
    <ClInclude Include="ModuleIntroScene.h" />
    <ClInclude Include="ModuleLevel2.h" />
    <ClInclude Include="ModuleOver.h" />
    <ClInclude Include="ModuleParticles.h" />
    <ClInclude Include="ModuleScene.h" />
    <ClInclude Include="ModuleInput.h" />
    <ClInclude Include="ModulePlayer.h" />
    <ClInclude Include="ModuleRender.h" />
    <ClInclude Include="ModuleTextures.h" />
    <ClInclude Include="ModuleTitle.h" />
    <ClInclude Include="ModuleWindow.h" />
    <ClInclude Include="Globals.h" />
    <ClInclude Include="MemLeaks.h" />
    <ClInclude Include="Module.h" />
    <ClInclude Include="p2Point.h" />
    <ClInclude Include="Particle.h" />
    <ClInclude Include="Path.h" />
    <ClInclude Include="ModuleWin.h" />
  </ItemGroup>
</Project>